
Microsoft Visual Studio Solution File, Format Version 12.00
# Visual Studio 15
VisualStudioVersion = 15.0.27130.2026
MinimumVisualStudioVersion = 10.0.40219.1
Project("{FAE04EC0-301F-11D3-BF4B-00C04F79EFBC}") = "Electrical_Stoves_Controller", "Electrical_Stoves_Controller\Electrical_Stoves_Controller.csproj", "{1608E9CA-5317-4595-85D0-010224BDBC81}"
EndProject
Global
	GlobalSection(SolutionConfigurationPlatforms) = preSolution
		Debug|Any CPU = Debug|Any CPU
		Release|Any CPU = Release|Any CPU
	EndGlobalSection
	GlobalSection(ProjectConfigurationPlatforms) = postSolution
		{1608E9CA-5317-4595-85D0-010224BDBC81}.Debug|Any CPU.ActiveCfg = Debug|Any CPU
		{1608E9CA-5317-4595-85D0-010224BDBC81}.Debug|Any CPU.Build.0 = Debug|Any CPU
		{1608E9CA-5317-4595-85D0-010224BDBC81}.Release|Any CPU.ActiveCfg = Release|Any CPU
		{1608E9CA-5317-4595-85D0-010224BDBC81}.Release|Any CPU.Build.0 = Release|Any CPU
	EndGlobalSection
	GlobalSection(SolutionProperties) = preSolution
		HideSolutionNode = FALSE
	EndGlobalSection
	GlobalSection(ExtensibilityGlobals) = postSolution
		SolutionGuid = {BD91EAEB-CD2E-4699-B0C1-D73A989D4300}
	EndGlobalSection
EndGlobal
